
Microsoft Visual Studio Solution File, Format Version 12.00
# Visual Studio 2013
VisualStudioVersion = 12.0.31101.0
MinimumVisualStudioVersion = 10.0.40219.1
Project("{00D1A9C2-B5F0-4AF3-8072-F6C62B433612}") = "IODataBlock.Database", "IODataBlock.Database\IODataBlock.Database.sqlproj", "{CC96992D-DE3F-4A18-8B6D-88B29C7467B3}"
EndProject
Project("{FAE04EC0-301F-11D3-BF4B-00C04F79EFBC}") = "IODataBlock.Model", "IODataBlock.Model\IODataBlock.Model.csproj", "{B98C82D9-A84D-4B92-BD33-7BC7AAF2DDB4}"
EndProject
Project("{FAE04EC0-301F-11D3-BF4B-00C04F79EFBC}") = "IODataBlock.ModelFirst", "IODataBlock.ModelFirst\IODataBlock.ModelFirst.csproj", "{C5E30BF2-335D-4D62-AA36-6AC8832F529D}"
EndProject
Project("{2150E333-8FDC-42A3-9474-1A3956D46DE8}") = "Data", "Data", "{53F5AD36-2CEB-4F05-994B-6F21E6E5275C}"
EndProject
Project("{2150E333-8FDC-42A3-9474-1A3956D46DE8}") = "Model", "Model", "{1403EA2D-0CBC-4745-94B2-3D46D729CDF4}"
EndProject
Project("{2150E333-8FDC-42A3-9474-1A3956D46DE8}") = "Business", "Business", "{E833F9E3-D458-4A2B-8A02-5A1E62631024}"
EndProject
Project("{FAE04EC0-301F-11D3-BF4B-00C04F79EFBC}") = "Business.Common", "Business\Business.Common\Business.Common.csproj", "{AF1C182A-F249-40D4-83C5-915D83FF9B5C}"
EndProject
Project("{2150E333-8FDC-42A3-9474-1A3956D46DE8}") = ".nuget", ".nuget", "{EBEC3167-8A43-4F63-B9BA-AD682C23401B}"
	ProjectSection(SolutionItems) = preProject
		.nuget\NuGet.Config = .nuget\NuGet.Config
		.nuget\NuGet.exe = .nuget\NuGet.exe
		.nuget\NuGet.targets = .nuget\NuGet.targets
	EndProjectSection
EndProject
Project("{2150E333-8FDC-42A3-9474-1A3956D46DE8}") = "Test", "Test", "{ED3CA360-CE79-4E2B-B77D-DDB78A205AC2}"
EndProject
Project("{FAE04EC0-301F-11D3-BF4B-00C04F79EFBC}") = "Business.Test", "Test\Business.Test\Business.Test.csproj", "{BFF3D8E0-183D-4CDD-8D71-DC20ADD393CC}"
EndProject
Project("{FAE04EC0-301F-11D3-BF4B-00C04F79EFBC}") = "Business.Exceptions", "Business.Exceptions\Business.Exceptions.csproj", "{B40F98B0-DCA3-4C07-84D9-F4BFFBACC0C7}"
EndProject
Project("{FAE04EC0-301F-11D3-BF4B-00C04F79EFBC}") = "Business.Utilities", "Business.Utilities\Business.Utilities.csproj", "{0292C450-1F34-466E-B815-D0094FE738B3}"
EndProject
Project("{FAE04EC0-301F-11D3-BF4B-00C04F79EFBC}") = "Business.IO", "Business.IO\Business.IO.csproj", "{CB7112D4-EC60-4EB3-8E55-9BFD909A5731}"
EndProject
Project("{FAE04EC0-301F-11D3-BF4B-00C04F79EFBC}") = "Data.DbClient", "Data.DbClient\Data.DbClient.csproj", "{43768C83-B6D7-49AD-8685-AB76F0CD5B82}"
EndProject
Global
	GlobalSection(SolutionConfigurationPlatforms) = preSolution
		Debug|Any CPU = Debug|Any CPU
		Release|Any CPU = Release|Any CPU
	EndGlobalSection
	GlobalSection(ProjectConfigurationPlatforms) = postSolution
		{CC96992D-DE3F-4A18-8B6D-88B29C7467B3}.Debug|Any CPU.ActiveCfg = Debug|Any CPU
		{CC96992D-DE3F-4A18-8B6D-88B29C7467B3}.Debug|Any CPU.Build.0 = Debug|Any CPU
		{CC96992D-DE3F-4A18-8B6D-88B29C7467B3}.Debug|Any CPU.Deploy.0 = Debug|Any CPU
		{CC96992D-DE3F-4A18-8B6D-88B29C7467B3}.Release|Any CPU.ActiveCfg = Release|Any CPU
		{CC96992D-DE3F-4A18-8B6D-88B29C7467B3}.Release|Any CPU.Build.0 = Release|Any CPU
		{CC96992D-DE3F-4A18-8B6D-88B29C7467B3}.Release|Any CPU.Deploy.0 = Release|Any CPU
		{B98C82D9-A84D-4B92-BD33-7BC7AAF2DDB4}.Debug|Any CPU.ActiveCfg = Debug|Any CPU
		{B98C82D9-A84D-4B92-BD33-7BC7AAF2DDB4}.Debug|Any CPU.Build.0 = Debug|Any CPU
		{B98C82D9-A84D-4B92-BD33-7BC7AAF2DDB4}.Release|Any CPU.ActiveCfg = Release|Any CPU
		{B98C82D9-A84D-4B92-BD33-7BC7AAF2DDB4}.Release|Any CPU.Build.0 = Release|Any CPU
		{C5E30BF2-335D-4D62-AA36-6AC8832F529D}.Debug|Any CPU.ActiveCfg = Debug|Any CPU
		{C5E30BF2-335D-4D62-AA36-6AC8832F529D}.Debug|Any CPU.Build.0 = Debug|Any CPU
		{C5E30BF2-335D-4D62-AA36-6AC8832F529D}.Release|Any CPU.ActiveCfg = Release|Any CPU
		{C5E30BF2-335D-4D62-AA36-6AC8832F529D}.Release|Any CPU.Build.0 = Release|Any CPU
		{AF1C182A-F249-40D4-83C5-915D83FF9B5C}.Debug|Any CPU.ActiveCfg = Debug|Any CPU
		{AF1C182A-F249-40D4-83C5-915D83FF9B5C}.Debug|Any CPU.Build.0 = Debug|Any CPU
		{AF1C182A-F249-40D4-83C5-915D83FF9B5C}.Release|Any CPU.ActiveCfg = Release|Any CPU
		{AF1C182A-F249-40D4-83C5-915D83FF9B5C}.Release|Any CPU.Build.0 = Release|Any CPU
		{BFF3D8E0-183D-4CDD-8D71-DC20ADD393CC}.Debug|Any CPU.ActiveCfg = Debug|Any CPU
		{BFF3D8E0-183D-4CDD-8D71-DC20ADD393CC}.Debug|Any CPU.Build.0 = Debug|Any CPU
		{BFF3D8E0-183D-4CDD-8D71-DC20ADD393CC}.Release|Any CPU.ActiveCfg = Release|Any CPU
		{BFF3D8E0-183D-4CDD-8D71-DC20ADD393CC}.Release|Any CPU.Build.0 = Release|Any CPU
		{B40F98B0-DCA3-4C07-84D9-F4BFFBACC0C7}.Debug|Any CPU.ActiveCfg = Debug|Any CPU
		{B40F98B0-DCA3-4C07-84D9-F4BFFBACC0C7}.Debug|Any CPU.Build.0 = Debug|Any CPU
		{B40F98B0-DCA3-4C07-84D9-F4BFFBACC0C7}.Release|Any CPU.ActiveCfg = Release|Any CPU
		{B40F98B0-DCA3-4C07-84D9-F4BFFBACC0C7}.Release|Any CPU.Build.0 = Release|Any CPU
		{0292C450-1F34-466E-B815-D0094FE738B3}.Debug|Any CPU.ActiveCfg = Debug|Any CPU
		{0292C450-1F34-466E-B815-D0094FE738B3}.Debug|Any CPU.Build.0 = Debug|Any CPU
		{0292C450-1F34-466E-B815-D0094FE738B3}.Release|Any CPU.ActiveCfg = Release|Any CPU
		{0292C450-1F34-466E-B815-D0094FE738B3}.Release|Any CPU.Build.0 = Release|Any CPU
		{CB7112D4-EC60-4EB3-8E55-9BFD909A5731}.Debug|Any CPU.ActiveCfg = Debug|Any CPU
		{CB7112D4-EC60-4EB3-8E55-9BFD909A5731}.Debug|Any CPU.Build.0 = Debug|Any CPU
		{CB7112D4-EC60-4EB3-8E55-9BFD909A5731}.Release|Any CPU.ActiveCfg = Release|Any CPU
		{CB7112D4-EC60-4EB3-8E55-9BFD909A5731}.Release|Any CPU.Build.0 = Release|Any CPU
		{43768C83-B6D7-49AD-8685-AB76F0CD5B82}.Debug|Any CPU.ActiveCfg = Debug|Any CPU
		{43768C83-B6D7-49AD-8685-AB76F0CD5B82}.Debug|Any CPU.Build.0 = Debug|Any CPU
		{43768C83-B6D7-49AD-8685-AB76F0CD5B82}.Release|Any CPU.ActiveCfg = Release|Any CPU
		{43768C83-B6D7-49AD-8685-AB76F0CD5B82}.Release|Any CPU.Build.0 = Release|Any CPU
	EndGlobalSection
	GlobalSection(SolutionProperties) = preSolution
		HideSolutionNode = FALSE
	EndGlobalSection
	GlobalSection(NestedProjects) = preSolution
		{CC96992D-DE3F-4A18-8B6D-88B29C7467B3} = {53F5AD36-2CEB-4F05-994B-6F21E6E5275C}
		{B98C82D9-A84D-4B92-BD33-7BC7AAF2DDB4} = {1403EA2D-0CBC-4745-94B2-3D46D729CDF4}
		{C5E30BF2-335D-4D62-AA36-6AC8832F529D} = {1403EA2D-0CBC-4745-94B2-3D46D729CDF4}
		{AF1C182A-F249-40D4-83C5-915D83FF9B5C} = {E833F9E3-D458-4A2B-8A02-5A1E62631024}
		{BFF3D8E0-183D-4CDD-8D71-DC20ADD393CC} = {ED3CA360-CE79-4E2B-B77D-DDB78A205AC2}
		{B40F98B0-DCA3-4C07-84D9-F4BFFBACC0C7} = {E833F9E3-D458-4A2B-8A02-5A1E62631024}
		{0292C450-1F34-466E-B815-D0094FE738B3} = {E833F9E3-D458-4A2B-8A02-5A1E62631024}
		{CB7112D4-EC60-4EB3-8E55-9BFD909A5731} = {E833F9E3-D458-4A2B-8A02-5A1E62631024}
		{43768C83-B6D7-49AD-8685-AB76F0CD5B82} = {53F5AD36-2CEB-4F05-994B-6F21E6E5275C}
	EndGlobalSection
EndGlobal
