
Microsoft Visual Studio Solution File, Format Version 12.00
# Visual Studio 14
VisualStudioVersion = 14.0.25420.1
MinimumVisualStudioVersion = 10.0.40219.1
Project("{00D1A9C2-B5F0-4AF3-8072-F6C62B433612}") = "IODataBlock.Database", "IODataBlock.Database\IODataBlock.Database.sqlproj", "{CC96992D-DE3F-4A18-8B6D-88B29C7467B3}"
EndProject
Project("{FAE04EC0-301F-11D3-BF4B-00C04F79EFBC}") = "IODataBlock.Model", "IODataBlock.Model\IODataBlock.Model.csproj", "{B98C82D9-A84D-4B92-BD33-7BC7AAF2DDB4}"
EndProject
Project("{FAE04EC0-301F-11D3-BF4B-00C04F79EFBC}") = "IODataBlock.ModelFirst", "IODataBlock.ModelFirst\IODataBlock.ModelFirst.csproj", "{C5E30BF2-335D-4D62-AA36-6AC8832F529D}"
EndProject
Project("{2150E333-8FDC-42A3-9474-1A3956D46DE8}") = "Data", "Data", "{53F5AD36-2CEB-4F05-994B-6F21E6E5275C}"
EndProject
Project("{2150E333-8FDC-42A3-9474-1A3956D46DE8}") = "Model", "Model", "{1403EA2D-0CBC-4745-94B2-3D46D729CDF4}"
EndProject
Project("{2150E333-8FDC-42A3-9474-1A3956D46DE8}") = "Business", "Business", "{E833F9E3-D458-4A2B-8A02-5A1E62631024}"
EndProject
Project("{FAE04EC0-301F-11D3-BF4B-00C04F79EFBC}") = "Business.Common", "Business\Business.Common\Business.Common.csproj", "{AF1C182A-F249-40D4-83C5-915D83FF9B5C}"
EndProject
Project("{2150E333-8FDC-42A3-9474-1A3956D46DE8}") = ".nuget", ".nuget", "{EBEC3167-8A43-4F63-B9BA-AD682C23401B}"
	ProjectSection(SolutionItems) = preProject
		.nuget\NuGet.Config = .nuget\NuGet.Config
	EndProjectSection
EndProject
Project("{2150E333-8FDC-42A3-9474-1A3956D46DE8}") = "Test", "Test", "{ED3CA360-CE79-4E2B-B77D-DDB78A205AC2}"
EndProject
Project("{FAE04EC0-301F-11D3-BF4B-00C04F79EFBC}") = "Business.Test", "Test\Business.Test\Business.Test.csproj", "{BFF3D8E0-183D-4CDD-8D71-DC20ADD393CC}"
EndProject
Project("{FAE04EC0-301F-11D3-BF4B-00C04F79EFBC}") = "Data.DbClient", "Data.DbClient\Data.DbClient.csproj", "{43768C83-B6D7-49AD-8685-AB76F0CD5B82}"
EndProject
Project("{FAE04EC0-301F-11D3-BF4B-00C04F79EFBC}") = "Business.HttpClient", "Business.HttpClient\Business.HttpClient.csproj", "{C8499B41-FFCC-4675-BA40-91D6CAF53E74}"
EndProject
Project("{2150E333-8FDC-42A3-9474-1A3956D46DE8}") = "Assemblies", "Assemblies", "{86F5DCAE-F376-488A-8893-ACEF52443D07}"
	ProjectSection(SolutionItems) = preProject
		Assemblies\ftplib.dll = Assemblies\ftplib.dll
		Assemblies\ftplib.pdb = Assemblies\ftplib.pdb
	EndProjectSection
EndProject
Project("{2150E333-8FDC-42A3-9474-1A3956D46DE8}") = "Samples", "Samples", "{8859DA4D-91DE-44F8-A167-E2D7ECE30F3E}"
EndProject
Project("{2150E333-8FDC-42A3-9474-1A3956D46DE8}") = "WPF", "WPF", "{E8AD6733-78B6-43A2-A29D-11833CDBB203}"
EndProject
Project("{FAE04EC0-301F-11D3-BF4B-00C04F79EFBC}") = "SocialImage", "SocialImage\SocialImage.csproj", "{0F56EDA9-CF7F-4C49-A67B-3FCD434D4902}"
EndProject
Project("{FAE04EC0-301F-11D3-BF4B-00C04F79EFBC}") = "Business.Wpf", "Business.Wpf\Business.Wpf.csproj", "{4871AF9C-B575-4D6C-9C55-F2815E482AC1}"
EndProject
Project("{2150E333-8FDC-42A3-9474-1A3956D46DE8}") = "WebApi", "WebApi", "{18F32E41-BB51-4090-B955-FBD4417518A0}"
EndProject
Project("{FAE04EC0-301F-11D3-BF4B-00C04F79EFBC}") = "Business.Web", "Business.Web\Business.Web.csproj", "{563256A5-8264-4A2C-9473-00D59F64EA7A}"
EndProject
Project("{FAE04EC0-301F-11D3-BF4B-00C04F79EFBC}") = "LessWeb", "LessWeb\LessWeb.csproj", "{2835FDBA-96BA-4D5C-850D-A909BB12F4E3}"
EndProject
Project("{FAE04EC0-301F-11D3-BF4B-00C04F79EFBC}") = "Sandbox", "Sandbox\Sandbox.csproj", "{90053234-F75B-4623-8D24-DCBE76917590}"
EndProject
Project("{2150E333-8FDC-42A3-9474-1A3956D46DE8}") = "SelfHost", "SelfHost", "{191AB37E-E029-4B1D-838E-CA82923CEAE2}"
EndProject
Project("{FAE04EC0-301F-11D3-BF4B-00C04F79EFBC}") = "SelfHostWebApi", "SelfHostWebApi\SelfHostWebApi.csproj", "{EE4DA4C9-42E1-4D84-8920-44812C3720BE}"
EndProject
Project("{FAE04EC0-301F-11D3-BF4B-00C04F79EFBC}") = "SelfHostWebApiRelay", "SelfHostWebApiRelay\SelfHostWebApiRelay.csproj", "{11CD2F70-1D8E-4276-89DB-7349F711E82C}"
EndProject
Project("{2150E333-8FDC-42A3-9474-1A3956D46DE8}") = "Integration", "Integration", "{9B2E958B-D9DB-4AA4-BC8C-2CD61AF129E2}"
EndProject
Project("{FAE04EC0-301F-11D3-BF4B-00C04F79EFBC}") = "HubSpot", "HubSpot\HubSpot.csproj", "{37A6B3D6-018E-493C-957A-C92D6CF78DF5}"
EndProject
Project("{FAE04EC0-301F-11D3-BF4B-00C04F79EFBC}") = "Sandbox3", "Sandbox3\Sandbox3.csproj", "{07B74E22-A1A7-48A9-8696-1E1075A24E33}"
EndProject
Project("{FAE04EC0-301F-11D3-BF4B-00C04F79EFBC}") = "Sandbox4", "Sandbox4\Sandbox4.csproj", "{E23F1B55-E657-4319-8EFA-BEFA5DF5FA63}"
EndProject
Project("{2150E333-8FDC-42A3-9474-1A3956D46DE8}") = "Nuget", "Nuget", "{286D89F7-1FA3-4124-AB10-26BF011A4967}"
EndProject
Project("{FF286327-C783-4F7A-AB73-9BCBAD0D4460}") = "Business.Common", "Nuget\Business.Common\Business.Common.nuproj", "{96B25020-3BA7-49F3-81EE-FFF33C5C59DD}"
EndProject
Project("{FF286327-C783-4F7A-AB73-9BCBAD0D4460}") = "Data.DbClient", "Nuget\Data.DbClient\Data.DbClient.nuproj", "{EE63DD4F-AA1E-424F-8AE7-F8DEA0156C92}"
EndProject
Project("{FAE04EC0-301F-11D3-BF4B-00C04F79EFBC}") = "BasicTests", "BasicTests\BasicTests.csproj", "{4B4CF453-BB0E-4CD2-A7DE-959C82F2FF1A}"
EndProject
Project("{FAE04EC0-301F-11D3-BF4B-00C04F79EFBC}") = "Business.Templates", "Business.Templates\Business.Templates.csproj", "{16564C00-FD7C-41EB-853D-F7F7666581DB}"
EndProject
Project("{FAE04EC0-301F-11D3-BF4B-00C04F79EFBC}") = "Business.Excel", "Business.Excel\Business.Excel.csproj", "{7E6BC2BE-6D0C-4DC6-952A-E391F10449AA}"
EndProject
Project("{FF286327-C783-4F7A-AB73-9BCBAD0D4460}") = "Business.Wpf", "Nuget\Business.Wpf\Business.Wpf.nuproj", "{4D70F005-E350-4CA3-A6BF-390C086453D2}"
EndProject
Project("{FF286327-C783-4F7A-AB73-9BCBAD0D4460}") = "Business.Excel", "Nuget\Business.Excel\Business.Excel.nuproj", "{0AF1052C-38CE-4ED6-9EB4-D87287A1B948}"
EndProject
Project("{FF286327-C783-4F7A-AB73-9BCBAD0D4460}") = "Business.Templates", "Nuget\Business.Templates\Business.Templates.nuproj", "{71EEC9AE-F045-4B44-A6B2-6A7A1835DAFC}"
EndProject
Project("{FAE04EC0-301F-11D3-BF4B-00C04F79EFBC}") = "Business.EWS", "Business.EWS\Business.EWS.csproj", "{656D1DDD-951D-497A-A034-996ADDAD1D91}"
EndProject
Project("{FAE04EC0-301F-11D3-BF4B-00C04F79EFBC}") = "NsRest", "NsRest\NsRest.csproj", "{EC78B123-006D-4D55-8957-BEDE6EF8B06C}"
EndProject
Project("{FF286327-C783-4F7A-AB73-9BCBAD0D4460}") = "NsRest", "Nuget\NsRest\NsRest.nuproj", "{EA6BD221-6827-48B2-95EA-51764028E3E7}"
EndProject
Project("{2150E333-8FDC-42A3-9474-1A3956D46DE8}") = "MVC4", "MVC4", "{B7D9BD4A-5458-4C50-B432-FE13B3A4AB92}"
EndProject
Project("{FAE04EC0-301F-11D3-BF4B-00C04F79EFBC}") = "NsRestWeb", "NsRestWeb\NsRestWeb.csproj", "{E121D40A-0359-40B4-ACEF-5527820B427D}"
EndProject
Project("{FAE04EC0-301F-11D3-BF4B-00C04F79EFBC}") = "NsRestWeb.Tests", "NsRestWeb.Tests\NsRestWeb.Tests.csproj", "{89680F5C-5ABD-4E1F-AC5A-B5192AFE3E75}"
EndProject
Project("{FAE04EC0-301F-11D3-BF4B-00C04F79EFBC}") = "Data.MsAccess", "Data.MsAccess\Data.MsAccess.csproj", "{03D196DB-DA9D-4455-BD3C-F6E28F600DEF}"
EndProject
Project("{FF286327-C783-4F7A-AB73-9BCBAD0D4460}") = "Business.Web", "Nuget\Business.Web\Business.Web.nuproj", "{E2CF930D-EB4B-46AE-89E5-7F719C97C1B3}"
EndProject
Global
	GlobalSection(SolutionConfigurationPlatforms) = preSolution
		Debug|Any CPU = Debug|Any CPU
		Debug|Mixed Platforms = Debug|Mixed Platforms
		Debug|x86 = Debug|x86
		Release|Any CPU = Release|Any CPU
		Release|Mixed Platforms = Release|Mixed Platforms
		Release|x86 = Release|x86
	EndGlobalSection
	GlobalSection(ProjectConfigurationPlatforms) = postSolution
		{CC96992D-DE3F-4A18-8B6D-88B29C7467B3}.Debug|Any CPU.ActiveCfg = Debug|Any CPU
		{CC96992D-DE3F-4A18-8B6D-88B29C7467B3}.Debug|Any CPU.Build.0 = Debug|Any CPU
		{CC96992D-DE3F-4A18-8B6D-88B29C7467B3}.Debug|Any CPU.Deploy.0 = Debug|Any CPU
		{CC96992D-DE3F-4A18-8B6D-88B29C7467B3}.Debug|Mixed Platforms.ActiveCfg = Debug|Any CPU
		{CC96992D-DE3F-4A18-8B6D-88B29C7467B3}.Debug|Mixed Platforms.Build.0 = Debug|Any CPU
		{CC96992D-DE3F-4A18-8B6D-88B29C7467B3}.Debug|Mixed Platforms.Deploy.0 = Debug|Any CPU
		{CC96992D-DE3F-4A18-8B6D-88B29C7467B3}.Debug|x86.ActiveCfg = Debug|Any CPU
		{CC96992D-DE3F-4A18-8B6D-88B29C7467B3}.Release|Any CPU.ActiveCfg = Release|Any CPU
		{CC96992D-DE3F-4A18-8B6D-88B29C7467B3}.Release|Any CPU.Build.0 = Release|Any CPU
		{CC96992D-DE3F-4A18-8B6D-88B29C7467B3}.Release|Any CPU.Deploy.0 = Release|Any CPU
		{CC96992D-DE3F-4A18-8B6D-88B29C7467B3}.Release|Mixed Platforms.ActiveCfg = Release|Any CPU
		{CC96992D-DE3F-4A18-8B6D-88B29C7467B3}.Release|Mixed Platforms.Build.0 = Release|Any CPU
		{CC96992D-DE3F-4A18-8B6D-88B29C7467B3}.Release|Mixed Platforms.Deploy.0 = Release|Any CPU
		{CC96992D-DE3F-4A18-8B6D-88B29C7467B3}.Release|x86.ActiveCfg = Release|Any CPU
		{B98C82D9-A84D-4B92-BD33-7BC7AAF2DDB4}.Debug|Any CPU.ActiveCfg = Debug|Any CPU
		{B98C82D9-A84D-4B92-BD33-7BC7AAF2DDB4}.Debug|Any CPU.Build.0 = Debug|Any CPU
		{B98C82D9-A84D-4B92-BD33-7BC7AAF2DDB4}.Debug|Mixed Platforms.ActiveCfg = Debug|Any CPU
		{B98C82D9-A84D-4B92-BD33-7BC7AAF2DDB4}.Debug|Mixed Platforms.Build.0 = Debug|Any CPU
		{B98C82D9-A84D-4B92-BD33-7BC7AAF2DDB4}.Debug|x86.ActiveCfg = Debug|Any CPU
		{B98C82D9-A84D-4B92-BD33-7BC7AAF2DDB4}.Release|Any CPU.ActiveCfg = Release|Any CPU
		{B98C82D9-A84D-4B92-BD33-7BC7AAF2DDB4}.Release|Any CPU.Build.0 = Release|Any CPU
		{B98C82D9-A84D-4B92-BD33-7BC7AAF2DDB4}.Release|Mixed Platforms.ActiveCfg = Release|Any CPU
		{B98C82D9-A84D-4B92-BD33-7BC7AAF2DDB4}.Release|Mixed Platforms.Build.0 = Release|Any CPU
		{B98C82D9-A84D-4B92-BD33-7BC7AAF2DDB4}.Release|x86.ActiveCfg = Release|Any CPU
		{C5E30BF2-335D-4D62-AA36-6AC8832F529D}.Debug|Any CPU.ActiveCfg = Debug|Any CPU
		{C5E30BF2-335D-4D62-AA36-6AC8832F529D}.Debug|Any CPU.Build.0 = Debug|Any CPU
		{C5E30BF2-335D-4D62-AA36-6AC8832F529D}.Debug|Mixed Platforms.ActiveCfg = Debug|Any CPU
		{C5E30BF2-335D-4D62-AA36-6AC8832F529D}.Debug|Mixed Platforms.Build.0 = Debug|Any CPU
		{C5E30BF2-335D-4D62-AA36-6AC8832F529D}.Debug|x86.ActiveCfg = Debug|Any CPU
		{C5E30BF2-335D-4D62-AA36-6AC8832F529D}.Release|Any CPU.ActiveCfg = Release|Any CPU
		{C5E30BF2-335D-4D62-AA36-6AC8832F529D}.Release|Any CPU.Build.0 = Release|Any CPU
		{C5E30BF2-335D-4D62-AA36-6AC8832F529D}.Release|Mixed Platforms.ActiveCfg = Release|Any CPU
		{C5E30BF2-335D-4D62-AA36-6AC8832F529D}.Release|Mixed Platforms.Build.0 = Release|Any CPU
		{C5E30BF2-335D-4D62-AA36-6AC8832F529D}.Release|x86.ActiveCfg = Release|Any CPU
		{AF1C182A-F249-40D4-83C5-915D83FF9B5C}.Debug|Any CPU.ActiveCfg = Debug|Any CPU
		{AF1C182A-F249-40D4-83C5-915D83FF9B5C}.Debug|Any CPU.Build.0 = Debug|Any CPU
		{AF1C182A-F249-40D4-83C5-915D83FF9B5C}.Debug|Mixed Platforms.ActiveCfg = Debug|Any CPU
		{AF1C182A-F249-40D4-83C5-915D83FF9B5C}.Debug|Mixed Platforms.Build.0 = Debug|Any CPU
		{AF1C182A-F249-40D4-83C5-915D83FF9B5C}.Debug|x86.ActiveCfg = Debug|Any CPU
		{AF1C182A-F249-40D4-83C5-915D83FF9B5C}.Release|Any CPU.ActiveCfg = Release|Any CPU
		{AF1C182A-F249-40D4-83C5-915D83FF9B5C}.Release|Any CPU.Build.0 = Release|Any CPU
		{AF1C182A-F249-40D4-83C5-915D83FF9B5C}.Release|Mixed Platforms.ActiveCfg = Release|Any CPU
		{AF1C182A-F249-40D4-83C5-915D83FF9B5C}.Release|Mixed Platforms.Build.0 = Release|Any CPU
		{AF1C182A-F249-40D4-83C5-915D83FF9B5C}.Release|x86.ActiveCfg = Release|Any CPU
		{BFF3D8E0-183D-4CDD-8D71-DC20ADD393CC}.Debug|Any CPU.ActiveCfg = Debug|Any CPU
		{BFF3D8E0-183D-4CDD-8D71-DC20ADD393CC}.Debug|Any CPU.Build.0 = Debug|Any CPU
		{BFF3D8E0-183D-4CDD-8D71-DC20ADD393CC}.Debug|Mixed Platforms.ActiveCfg = Debug|Any CPU
		{BFF3D8E0-183D-4CDD-8D71-DC20ADD393CC}.Debug|Mixed Platforms.Build.0 = Debug|Any CPU
		{BFF3D8E0-183D-4CDD-8D71-DC20ADD393CC}.Debug|x86.ActiveCfg = Debug|Any CPU
		{BFF3D8E0-183D-4CDD-8D71-DC20ADD393CC}.Release|Any CPU.ActiveCfg = Release|Any CPU
		{BFF3D8E0-183D-4CDD-8D71-DC20ADD393CC}.Release|Any CPU.Build.0 = Release|Any CPU
		{BFF3D8E0-183D-4CDD-8D71-DC20ADD393CC}.Release|Mixed Platforms.ActiveCfg = Release|Any CPU
		{BFF3D8E0-183D-4CDD-8D71-DC20ADD393CC}.Release|Mixed Platforms.Build.0 = Release|Any CPU
		{BFF3D8E0-183D-4CDD-8D71-DC20ADD393CC}.Release|x86.ActiveCfg = Release|Any CPU
		{43768C83-B6D7-49AD-8685-AB76F0CD5B82}.Debug|Any CPU.ActiveCfg = Debug|Any CPU
		{43768C83-B6D7-49AD-8685-AB76F0CD5B82}.Debug|Any CPU.Build.0 = Debug|Any CPU
		{43768C83-B6D7-49AD-8685-AB76F0CD5B82}.Debug|Mixed Platforms.ActiveCfg = Debug|Any CPU
		{43768C83-B6D7-49AD-8685-AB76F0CD5B82}.Debug|Mixed Platforms.Build.0 = Debug|Any CPU
		{43768C83-B6D7-49AD-8685-AB76F0CD5B82}.Debug|x86.ActiveCfg = Debug|Any CPU
		{43768C83-B6D7-49AD-8685-AB76F0CD5B82}.Release|Any CPU.ActiveCfg = Release|Any CPU
		{43768C83-B6D7-49AD-8685-AB76F0CD5B82}.Release|Any CPU.Build.0 = Release|Any CPU
		{43768C83-B6D7-49AD-8685-AB76F0CD5B82}.Release|Mixed Platforms.ActiveCfg = Release|Any CPU
		{43768C83-B6D7-49AD-8685-AB76F0CD5B82}.Release|Mixed Platforms.Build.0 = Release|Any CPU
		{43768C83-B6D7-49AD-8685-AB76F0CD5B82}.Release|x86.ActiveCfg = Release|Any CPU
		{C8499B41-FFCC-4675-BA40-91D6CAF53E74}.Debug|Any CPU.ActiveCfg = Debug|Any CPU
		{C8499B41-FFCC-4675-BA40-91D6CAF53E74}.Debug|Any CPU.Build.0 = Debug|Any CPU
		{C8499B41-FFCC-4675-BA40-91D6CAF53E74}.Debug|Mixed Platforms.ActiveCfg = Debug|Any CPU
		{C8499B41-FFCC-4675-BA40-91D6CAF53E74}.Debug|Mixed Platforms.Build.0 = Debug|Any CPU
		{C8499B41-FFCC-4675-BA40-91D6CAF53E74}.Debug|x86.ActiveCfg = Debug|Any CPU
		{C8499B41-FFCC-4675-BA40-91D6CAF53E74}.Release|Any CPU.ActiveCfg = Release|Any CPU
		{C8499B41-FFCC-4675-BA40-91D6CAF53E74}.Release|Any CPU.Build.0 = Release|Any CPU
		{C8499B41-FFCC-4675-BA40-91D6CAF53E74}.Release|Mixed Platforms.ActiveCfg = Release|Any CPU
		{C8499B41-FFCC-4675-BA40-91D6CAF53E74}.Release|Mixed Platforms.Build.0 = Release|Any CPU
		{C8499B41-FFCC-4675-BA40-91D6CAF53E74}.Release|x86.ActiveCfg = Release|Any CPU
		{0F56EDA9-CF7F-4C49-A67B-3FCD434D4902}.Debug|Any CPU.ActiveCfg = Debug|Any CPU
		{0F56EDA9-CF7F-4C49-A67B-3FCD434D4902}.Debug|Any CPU.Build.0 = Debug|Any CPU
		{0F56EDA9-CF7F-4C49-A67B-3FCD434D4902}.Debug|Mixed Platforms.ActiveCfg = Debug|Any CPU
		{0F56EDA9-CF7F-4C49-A67B-3FCD434D4902}.Debug|Mixed Platforms.Build.0 = Debug|Any CPU
		{0F56EDA9-CF7F-4C49-A67B-3FCD434D4902}.Debug|x86.ActiveCfg = Debug|Any CPU
		{0F56EDA9-CF7F-4C49-A67B-3FCD434D4902}.Release|Any CPU.ActiveCfg = Release|Any CPU
		{0F56EDA9-CF7F-4C49-A67B-3FCD434D4902}.Release|Any CPU.Build.0 = Release|Any CPU
		{0F56EDA9-CF7F-4C49-A67B-3FCD434D4902}.Release|Mixed Platforms.ActiveCfg = Release|Any CPU
		{0F56EDA9-CF7F-4C49-A67B-3FCD434D4902}.Release|Mixed Platforms.Build.0 = Release|Any CPU
		{0F56EDA9-CF7F-4C49-A67B-3FCD434D4902}.Release|x86.ActiveCfg = Release|Any CPU
		{4871AF9C-B575-4D6C-9C55-F2815E482AC1}.Debug|Any CPU.ActiveCfg = Debug|Any CPU
		{4871AF9C-B575-4D6C-9C55-F2815E482AC1}.Debug|Any CPU.Build.0 = Debug|Any CPU
		{4871AF9C-B575-4D6C-9C55-F2815E482AC1}.Debug|Mixed Platforms.ActiveCfg = Debug|Any CPU
		{4871AF9C-B575-4D6C-9C55-F2815E482AC1}.Debug|Mixed Platforms.Build.0 = Debug|Any CPU
		{4871AF9C-B575-4D6C-9C55-F2815E482AC1}.Debug|x86.ActiveCfg = Debug|Any CPU
		{4871AF9C-B575-4D6C-9C55-F2815E482AC1}.Release|Any CPU.ActiveCfg = Release|Any CPU
		{4871AF9C-B575-4D6C-9C55-F2815E482AC1}.Release|Any CPU.Build.0 = Release|Any CPU
		{4871AF9C-B575-4D6C-9C55-F2815E482AC1}.Release|Mixed Platforms.ActiveCfg = Release|Any CPU
		{4871AF9C-B575-4D6C-9C55-F2815E482AC1}.Release|Mixed Platforms.Build.0 = Release|Any CPU
		{4871AF9C-B575-4D6C-9C55-F2815E482AC1}.Release|x86.ActiveCfg = Release|Any CPU
		{563256A5-8264-4A2C-9473-00D59F64EA7A}.Debug|Any CPU.ActiveCfg = Debug|Any CPU
		{563256A5-8264-4A2C-9473-00D59F64EA7A}.Debug|Any CPU.Build.0 = Debug|Any CPU
		{563256A5-8264-4A2C-9473-00D59F64EA7A}.Debug|Mixed Platforms.ActiveCfg = Debug|Any CPU
		{563256A5-8264-4A2C-9473-00D59F64EA7A}.Debug|Mixed Platforms.Build.0 = Debug|Any CPU
		{563256A5-8264-4A2C-9473-00D59F64EA7A}.Debug|x86.ActiveCfg = Debug|Any CPU
		{563256A5-8264-4A2C-9473-00D59F64EA7A}.Release|Any CPU.ActiveCfg = Release|Any CPU
		{563256A5-8264-4A2C-9473-00D59F64EA7A}.Release|Any CPU.Build.0 = Release|Any CPU
		{563256A5-8264-4A2C-9473-00D59F64EA7A}.Release|Mixed Platforms.ActiveCfg = Release|Any CPU
		{563256A5-8264-4A2C-9473-00D59F64EA7A}.Release|Mixed Platforms.Build.0 = Release|Any CPU
		{563256A5-8264-4A2C-9473-00D59F64EA7A}.Release|x86.ActiveCfg = Release|Any CPU
		{2835FDBA-96BA-4D5C-850D-A909BB12F4E3}.Debug|Any CPU.ActiveCfg = Debug|Any CPU
		{2835FDBA-96BA-4D5C-850D-A909BB12F4E3}.Debug|Any CPU.Build.0 = Debug|Any CPU
		{2835FDBA-96BA-4D5C-850D-A909BB12F4E3}.Debug|Mixed Platforms.ActiveCfg = Debug|Any CPU
		{2835FDBA-96BA-4D5C-850D-A909BB12F4E3}.Debug|Mixed Platforms.Build.0 = Debug|Any CPU
		{2835FDBA-96BA-4D5C-850D-A909BB12F4E3}.Debug|x86.ActiveCfg = Debug|Any CPU
		{2835FDBA-96BA-4D5C-850D-A909BB12F4E3}.Release|Any CPU.ActiveCfg = Release|Any CPU
		{2835FDBA-96BA-4D5C-850D-A909BB12F4E3}.Release|Any CPU.Build.0 = Release|Any CPU
		{2835FDBA-96BA-4D5C-850D-A909BB12F4E3}.Release|Mixed Platforms.ActiveCfg = Release|Any CPU
		{2835FDBA-96BA-4D5C-850D-A909BB12F4E3}.Release|Mixed Platforms.Build.0 = Release|Any CPU
		{2835FDBA-96BA-4D5C-850D-A909BB12F4E3}.Release|x86.ActiveCfg = Release|Any CPU
		{90053234-F75B-4623-8D24-DCBE76917590}.Debug|Any CPU.ActiveCfg = Debug|Any CPU
		{90053234-F75B-4623-8D24-DCBE76917590}.Debug|Any CPU.Build.0 = Debug|Any CPU
		{90053234-F75B-4623-8D24-DCBE76917590}.Debug|Mixed Platforms.ActiveCfg = Debug|Any CPU
		{90053234-F75B-4623-8D24-DCBE76917590}.Debug|Mixed Platforms.Build.0 = Debug|Any CPU
		{90053234-F75B-4623-8D24-DCBE76917590}.Debug|x86.ActiveCfg = Debug|Any CPU
		{90053234-F75B-4623-8D24-DCBE76917590}.Release|Any CPU.ActiveCfg = Release|Any CPU
		{90053234-F75B-4623-8D24-DCBE76917590}.Release|Any CPU.Build.0 = Release|Any CPU
		{90053234-F75B-4623-8D24-DCBE76917590}.Release|Mixed Platforms.ActiveCfg = Release|Any CPU
		{90053234-F75B-4623-8D24-DCBE76917590}.Release|Mixed Platforms.Build.0 = Release|Any CPU
		{90053234-F75B-4623-8D24-DCBE76917590}.Release|x86.ActiveCfg = Release|Any CPU
		{EE4DA4C9-42E1-4D84-8920-44812C3720BE}.Debug|Any CPU.ActiveCfg = Debug|x86
		{EE4DA4C9-42E1-4D84-8920-44812C3720BE}.Debug|Mixed Platforms.ActiveCfg = Debug|Any CPU
		{EE4DA4C9-42E1-4D84-8920-44812C3720BE}.Debug|Mixed Platforms.Build.0 = Debug|Any CPU
		{EE4DA4C9-42E1-4D84-8920-44812C3720BE}.Debug|x86.ActiveCfg = Debug|x86
		{EE4DA4C9-42E1-4D84-8920-44812C3720BE}.Debug|x86.Build.0 = Debug|x86
		{EE4DA4C9-42E1-4D84-8920-44812C3720BE}.Release|Any CPU.ActiveCfg = Release|x86
		{EE4DA4C9-42E1-4D84-8920-44812C3720BE}.Release|Mixed Platforms.ActiveCfg = Release|x86
		{EE4DA4C9-42E1-4D84-8920-44812C3720BE}.Release|Mixed Platforms.Build.0 = Release|x86
		{EE4DA4C9-42E1-4D84-8920-44812C3720BE}.Release|x86.ActiveCfg = Release|x86
		{EE4DA4C9-42E1-4D84-8920-44812C3720BE}.Release|x86.Build.0 = Release|x86
		{11CD2F70-1D8E-4276-89DB-7349F711E82C}.Debug|Any CPU.ActiveCfg = Debug|x86
		{11CD2F70-1D8E-4276-89DB-7349F711E82C}.Debug|Mixed Platforms.ActiveCfg = Debug|Any CPU
		{11CD2F70-1D8E-4276-89DB-7349F711E82C}.Debug|Mixed Platforms.Build.0 = Debug|Any CPU
		{11CD2F70-1D8E-4276-89DB-7349F711E82C}.Debug|x86.ActiveCfg = Debug|x86
		{11CD2F70-1D8E-4276-89DB-7349F711E82C}.Debug|x86.Build.0 = Debug|x86
		{11CD2F70-1D8E-4276-89DB-7349F711E82C}.Release|Any CPU.ActiveCfg = Release|x86
		{11CD2F70-1D8E-4276-89DB-7349F711E82C}.Release|Mixed Platforms.ActiveCfg = Release|x86
		{11CD2F70-1D8E-4276-89DB-7349F711E82C}.Release|Mixed Platforms.Build.0 = Release|x86
		{11CD2F70-1D8E-4276-89DB-7349F711E82C}.Release|x86.ActiveCfg = Release|x86
		{11CD2F70-1D8E-4276-89DB-7349F711E82C}.Release|x86.Build.0 = Release|x86
		{37A6B3D6-018E-493C-957A-C92D6CF78DF5}.Debug|Any CPU.ActiveCfg = Debug|Any CPU
		{37A6B3D6-018E-493C-957A-C92D6CF78DF5}.Debug|Any CPU.Build.0 = Debug|Any CPU
		{37A6B3D6-018E-493C-957A-C92D6CF78DF5}.Debug|Mixed Platforms.ActiveCfg = Debug|Any CPU
		{37A6B3D6-018E-493C-957A-C92D6CF78DF5}.Debug|Mixed Platforms.Build.0 = Debug|Any CPU
		{37A6B3D6-018E-493C-957A-C92D6CF78DF5}.Debug|x86.ActiveCfg = Debug|Any CPU
		{37A6B3D6-018E-493C-957A-C92D6CF78DF5}.Release|Any CPU.ActiveCfg = Release|Any CPU
		{37A6B3D6-018E-493C-957A-C92D6CF78DF5}.Release|Any CPU.Build.0 = Release|Any CPU
		{37A6B3D6-018E-493C-957A-C92D6CF78DF5}.Release|Mixed Platforms.ActiveCfg = Release|Any CPU
		{37A6B3D6-018E-493C-957A-C92D6CF78DF5}.Release|Mixed Platforms.Build.0 = Release|Any CPU
		{37A6B3D6-018E-493C-957A-C92D6CF78DF5}.Release|x86.ActiveCfg = Release|Any CPU
		{07B74E22-A1A7-48A9-8696-1E1075A24E33}.Debug|Any CPU.ActiveCfg = Debug|Any CPU
		{07B74E22-A1A7-48A9-8696-1E1075A24E33}.Debug|Any CPU.Build.0 = Debug|Any CPU
		{07B74E22-A1A7-48A9-8696-1E1075A24E33}.Debug|Mixed Platforms.ActiveCfg = Debug|Any CPU
		{07B74E22-A1A7-48A9-8696-1E1075A24E33}.Debug|Mixed Platforms.Build.0 = Debug|Any CPU
		{07B74E22-A1A7-48A9-8696-1E1075A24E33}.Debug|x86.ActiveCfg = Debug|Any CPU
		{07B74E22-A1A7-48A9-8696-1E1075A24E33}.Release|Any CPU.ActiveCfg = Release|Any CPU
		{07B74E22-A1A7-48A9-8696-1E1075A24E33}.Release|Any CPU.Build.0 = Release|Any CPU
		{07B74E22-A1A7-48A9-8696-1E1075A24E33}.Release|Mixed Platforms.ActiveCfg = Release|Any CPU
		{07B74E22-A1A7-48A9-8696-1E1075A24E33}.Release|Mixed Platforms.Build.0 = Release|Any CPU
		{07B74E22-A1A7-48A9-8696-1E1075A24E33}.Release|x86.ActiveCfg = Release|Any CPU
		{E23F1B55-E657-4319-8EFA-BEFA5DF5FA63}.Debug|Any CPU.ActiveCfg = Debug|Any CPU
		{E23F1B55-E657-4319-8EFA-BEFA5DF5FA63}.Debug|Any CPU.Build.0 = Debug|Any CPU
		{E23F1B55-E657-4319-8EFA-BEFA5DF5FA63}.Debug|Mixed Platforms.ActiveCfg = Debug|Any CPU
		{E23F1B55-E657-4319-8EFA-BEFA5DF5FA63}.Debug|Mixed Platforms.Build.0 = Debug|Any CPU
		{E23F1B55-E657-4319-8EFA-BEFA5DF5FA63}.Debug|x86.ActiveCfg = Debug|Any CPU
		{E23F1B55-E657-4319-8EFA-BEFA5DF5FA63}.Release|Any CPU.ActiveCfg = Release|Any CPU
		{E23F1B55-E657-4319-8EFA-BEFA5DF5FA63}.Release|Any CPU.Build.0 = Release|Any CPU
		{E23F1B55-E657-4319-8EFA-BEFA5DF5FA63}.Release|Mixed Platforms.ActiveCfg = Release|Any CPU
		{E23F1B55-E657-4319-8EFA-BEFA5DF5FA63}.Release|Mixed Platforms.Build.0 = Release|Any CPU
		{E23F1B55-E657-4319-8EFA-BEFA5DF5FA63}.Release|x86.ActiveCfg = Release|Any CPU
		{96B25020-3BA7-49F3-81EE-FFF33C5C59DD}.Debug|Any CPU.ActiveCfg = Debug|Any CPU
		{96B25020-3BA7-49F3-81EE-FFF33C5C59DD}.Debug|Any CPU.Build.0 = Debug|Any CPU
		{96B25020-3BA7-49F3-81EE-FFF33C5C59DD}.Debug|Mixed Platforms.ActiveCfg = Debug|Any CPU
		{96B25020-3BA7-49F3-81EE-FFF33C5C59DD}.Debug|Mixed Platforms.Build.0 = Debug|Any CPU
		{96B25020-3BA7-49F3-81EE-FFF33C5C59DD}.Debug|x86.ActiveCfg = Debug|Any CPU
		{96B25020-3BA7-49F3-81EE-FFF33C5C59DD}.Release|Any CPU.ActiveCfg = Release|Any CPU
		{96B25020-3BA7-49F3-81EE-FFF33C5C59DD}.Release|Any CPU.Build.0 = Release|Any CPU
		{96B25020-3BA7-49F3-81EE-FFF33C5C59DD}.Release|Mixed Platforms.ActiveCfg = Release|Any CPU
		{96B25020-3BA7-49F3-81EE-FFF33C5C59DD}.Release|Mixed Platforms.Build.0 = Release|Any CPU
		{96B25020-3BA7-49F3-81EE-FFF33C5C59DD}.Release|x86.ActiveCfg = Release|Any CPU
		{EE63DD4F-AA1E-424F-8AE7-F8DEA0156C92}.Debug|Any CPU.ActiveCfg = Debug|Any CPU
		{EE63DD4F-AA1E-424F-8AE7-F8DEA0156C92}.Debug|Any CPU.Build.0 = Debug|Any CPU
		{EE63DD4F-AA1E-424F-8AE7-F8DEA0156C92}.Debug|Mixed Platforms.ActiveCfg = Debug|Any CPU
		{EE63DD4F-AA1E-424F-8AE7-F8DEA0156C92}.Debug|Mixed Platforms.Build.0 = Debug|Any CPU
		{EE63DD4F-AA1E-424F-8AE7-F8DEA0156C92}.Debug|x86.ActiveCfg = Debug|Any CPU
		{EE63DD4F-AA1E-424F-8AE7-F8DEA0156C92}.Release|Any CPU.ActiveCfg = Release|Any CPU
		{EE63DD4F-AA1E-424F-8AE7-F8DEA0156C92}.Release|Any CPU.Build.0 = Release|Any CPU
		{EE63DD4F-AA1E-424F-8AE7-F8DEA0156C92}.Release|Mixed Platforms.ActiveCfg = Release|Any CPU
		{EE63DD4F-AA1E-424F-8AE7-F8DEA0156C92}.Release|Mixed Platforms.Build.0 = Release|Any CPU
		{EE63DD4F-AA1E-424F-8AE7-F8DEA0156C92}.Release|x86.ActiveCfg = Release|Any CPU
		{4B4CF453-BB0E-4CD2-A7DE-959C82F2FF1A}.Debug|Any CPU.ActiveCfg = Debug|Any CPU
		{4B4CF453-BB0E-4CD2-A7DE-959C82F2FF1A}.Debug|Any CPU.Build.0 = Debug|Any CPU
		{4B4CF453-BB0E-4CD2-A7DE-959C82F2FF1A}.Debug|Mixed Platforms.ActiveCfg = Debug|Any CPU
		{4B4CF453-BB0E-4CD2-A7DE-959C82F2FF1A}.Debug|Mixed Platforms.Build.0 = Debug|Any CPU
		{4B4CF453-BB0E-4CD2-A7DE-959C82F2FF1A}.Debug|x86.ActiveCfg = Debug|Any CPU
		{4B4CF453-BB0E-4CD2-A7DE-959C82F2FF1A}.Release|Any CPU.ActiveCfg = Release|Any CPU
		{4B4CF453-BB0E-4CD2-A7DE-959C82F2FF1A}.Release|Any CPU.Build.0 = Release|Any CPU
		{4B4CF453-BB0E-4CD2-A7DE-959C82F2FF1A}.Release|Mixed Platforms.ActiveCfg = Release|Any CPU
		{4B4CF453-BB0E-4CD2-A7DE-959C82F2FF1A}.Release|Mixed Platforms.Build.0 = Release|Any CPU
		{4B4CF453-BB0E-4CD2-A7DE-959C82F2FF1A}.Release|x86.ActiveCfg = Release|Any CPU
		{16564C00-FD7C-41EB-853D-F7F7666581DB}.Debug|Any CPU.ActiveCfg = Debug|Any CPU
		{16564C00-FD7C-41EB-853D-F7F7666581DB}.Debug|Any CPU.Build.0 = Debug|Any CPU
		{16564C00-FD7C-41EB-853D-F7F7666581DB}.Debug|Mixed Platforms.ActiveCfg = Debug|Any CPU
		{16564C00-FD7C-41EB-853D-F7F7666581DB}.Debug|Mixed Platforms.Build.0 = Debug|Any CPU
		{16564C00-FD7C-41EB-853D-F7F7666581DB}.Debug|x86.ActiveCfg = Debug|Any CPU
		{16564C00-FD7C-41EB-853D-F7F7666581DB}.Release|Any CPU.ActiveCfg = Release|Any CPU
		{16564C00-FD7C-41EB-853D-F7F7666581DB}.Release|Any CPU.Build.0 = Release|Any CPU
		{16564C00-FD7C-41EB-853D-F7F7666581DB}.Release|Mixed Platforms.ActiveCfg = Release|Any CPU
		{16564C00-FD7C-41EB-853D-F7F7666581DB}.Release|Mixed Platforms.Build.0 = Release|Any CPU
		{16564C00-FD7C-41EB-853D-F7F7666581DB}.Release|x86.ActiveCfg = Release|Any CPU
		{7E6BC2BE-6D0C-4DC6-952A-E391F10449AA}.Debug|Any CPU.ActiveCfg = Debug|Any CPU
		{7E6BC2BE-6D0C-4DC6-952A-E391F10449AA}.Debug|Any CPU.Build.0 = Debug|Any CPU
		{7E6BC2BE-6D0C-4DC6-952A-E391F10449AA}.Debug|Mixed Platforms.ActiveCfg = Debug|Any CPU
		{7E6BC2BE-6D0C-4DC6-952A-E391F10449AA}.Debug|Mixed Platforms.Build.0 = Debug|Any CPU
		{7E6BC2BE-6D0C-4DC6-952A-E391F10449AA}.Debug|x86.ActiveCfg = Debug|Any CPU
		{7E6BC2BE-6D0C-4DC6-952A-E391F10449AA}.Release|Any CPU.ActiveCfg = Release|Any CPU
		{7E6BC2BE-6D0C-4DC6-952A-E391F10449AA}.Release|Any CPU.Build.0 = Release|Any CPU
		{7E6BC2BE-6D0C-4DC6-952A-E391F10449AA}.Release|Mixed Platforms.ActiveCfg = Release|Any CPU
		{7E6BC2BE-6D0C-4DC6-952A-E391F10449AA}.Release|Mixed Platforms.Build.0 = Release|Any CPU
		{7E6BC2BE-6D0C-4DC6-952A-E391F10449AA}.Release|x86.ActiveCfg = Release|Any CPU
		{4D70F005-E350-4CA3-A6BF-390C086453D2}.Debug|Any CPU.ActiveCfg = Debug|Any CPU
		{4D70F005-E350-4CA3-A6BF-390C086453D2}.Debug|Any CPU.Build.0 = Debug|Any CPU
		{4D70F005-E350-4CA3-A6BF-390C086453D2}.Debug|Mixed Platforms.ActiveCfg = Debug|Any CPU
		{4D70F005-E350-4CA3-A6BF-390C086453D2}.Debug|Mixed Platforms.Build.0 = Debug|Any CPU
		{4D70F005-E350-4CA3-A6BF-390C086453D2}.Debug|x86.ActiveCfg = Debug|Any CPU
		{4D70F005-E350-4CA3-A6BF-390C086453D2}.Release|Any CPU.ActiveCfg = Release|Any CPU
		{4D70F005-E350-4CA3-A6BF-390C086453D2}.Release|Any CPU.Build.0 = Release|Any CPU
		{4D70F005-E350-4CA3-A6BF-390C086453D2}.Release|Mixed Platforms.ActiveCfg = Release|Any CPU
		{4D70F005-E350-4CA3-A6BF-390C086453D2}.Release|Mixed Platforms.Build.0 = Release|Any CPU
		{4D70F005-E350-4CA3-A6BF-390C086453D2}.Release|x86.ActiveCfg = Release|Any CPU
		{0AF1052C-38CE-4ED6-9EB4-D87287A1B948}.Debug|Any CPU.ActiveCfg = Debug|Any CPU
		{0AF1052C-38CE-4ED6-9EB4-D87287A1B948}.Debug|Any CPU.Build.0 = Debug|Any CPU
		{0AF1052C-38CE-4ED6-9EB4-D87287A1B948}.Debug|Mixed Platforms.ActiveCfg = Debug|Any CPU
		{0AF1052C-38CE-4ED6-9EB4-D87287A1B948}.Debug|Mixed Platforms.Build.0 = Debug|Any CPU
		{0AF1052C-38CE-4ED6-9EB4-D87287A1B948}.Debug|x86.ActiveCfg = Debug|Any CPU
		{0AF1052C-38CE-4ED6-9EB4-D87287A1B948}.Release|Any CPU.ActiveCfg = Release|Any CPU
		{0AF1052C-38CE-4ED6-9EB4-D87287A1B948}.Release|Any CPU.Build.0 = Release|Any CPU
		{0AF1052C-38CE-4ED6-9EB4-D87287A1B948}.Release|Mixed Platforms.ActiveCfg = Release|Any CPU
		{0AF1052C-38CE-4ED6-9EB4-D87287A1B948}.Release|Mixed Platforms.Build.0 = Release|Any CPU
		{0AF1052C-38CE-4ED6-9EB4-D87287A1B948}.Release|x86.ActiveCfg = Release|Any CPU
		{71EEC9AE-F045-4B44-A6B2-6A7A1835DAFC}.Debug|Any CPU.ActiveCfg = Debug|Any CPU
		{71EEC9AE-F045-4B44-A6B2-6A7A1835DAFC}.Debug|Any CPU.Build.0 = Debug|Any CPU
		{71EEC9AE-F045-4B44-A6B2-6A7A1835DAFC}.Debug|Mixed Platforms.ActiveCfg = Debug|Any CPU
		{71EEC9AE-F045-4B44-A6B2-6A7A1835DAFC}.Debug|Mixed Platforms.Build.0 = Debug|Any CPU
		{71EEC9AE-F045-4B44-A6B2-6A7A1835DAFC}.Debug|x86.ActiveCfg = Debug|Any CPU
		{71EEC9AE-F045-4B44-A6B2-6A7A1835DAFC}.Release|Any CPU.ActiveCfg = Release|Any CPU
		{71EEC9AE-F045-4B44-A6B2-6A7A1835DAFC}.Release|Any CPU.Build.0 = Release|Any CPU
		{71EEC9AE-F045-4B44-A6B2-6A7A1835DAFC}.Release|Mixed Platforms.ActiveCfg = Release|Any CPU
		{71EEC9AE-F045-4B44-A6B2-6A7A1835DAFC}.Release|Mixed Platforms.Build.0 = Release|Any CPU
		{71EEC9AE-F045-4B44-A6B2-6A7A1835DAFC}.Release|x86.ActiveCfg = Release|Any CPU
		{656D1DDD-951D-497A-A034-996ADDAD1D91}.Debug|Any CPU.ActiveCfg = Debug|Any CPU
		{656D1DDD-951D-497A-A034-996ADDAD1D91}.Debug|Any CPU.Build.0 = Debug|Any CPU
		{656D1DDD-951D-497A-A034-996ADDAD1D91}.Debug|Mixed Platforms.ActiveCfg = Debug|Any CPU
		{656D1DDD-951D-497A-A034-996ADDAD1D91}.Debug|Mixed Platforms.Build.0 = Debug|Any CPU
		{656D1DDD-951D-497A-A034-996ADDAD1D91}.Debug|x86.ActiveCfg = Debug|Any CPU
		{656D1DDD-951D-497A-A034-996ADDAD1D91}.Debug|x86.Build.0 = Debug|Any CPU
		{656D1DDD-951D-497A-A034-996ADDAD1D91}.Release|Any CPU.ActiveCfg = Release|Any CPU
		{656D1DDD-951D-497A-A034-996ADDAD1D91}.Release|Any CPU.Build.0 = Release|Any CPU
		{656D1DDD-951D-497A-A034-996ADDAD1D91}.Release|Mixed Platforms.ActiveCfg = Release|Any CPU
		{656D1DDD-951D-497A-A034-996ADDAD1D91}.Release|Mixed Platforms.Build.0 = Release|Any CPU
		{656D1DDD-951D-497A-A034-996ADDAD1D91}.Release|x86.ActiveCfg = Release|Any CPU
		{656D1DDD-951D-497A-A034-996ADDAD1D91}.Release|x86.Build.0 = Release|Any CPU
		{EC78B123-006D-4D55-8957-BEDE6EF8B06C}.Debug|Any CPU.ActiveCfg = Debug|Any CPU
		{EC78B123-006D-4D55-8957-BEDE6EF8B06C}.Debug|Any CPU.Build.0 = Debug|Any CPU
		{EC78B123-006D-4D55-8957-BEDE6EF8B06C}.Debug|Mixed Platforms.ActiveCfg = Debug|Any CPU
		{EC78B123-006D-4D55-8957-BEDE6EF8B06C}.Debug|Mixed Platforms.Build.0 = Debug|Any CPU
		{EC78B123-006D-4D55-8957-BEDE6EF8B06C}.Debug|x86.ActiveCfg = Debug|Any CPU
		{EC78B123-006D-4D55-8957-BEDE6EF8B06C}.Debug|x86.Build.0 = Debug|Any CPU
		{EC78B123-006D-4D55-8957-BEDE6EF8B06C}.Release|Any CPU.ActiveCfg = Release|Any CPU
		{EC78B123-006D-4D55-8957-BEDE6EF8B06C}.Release|Any CPU.Build.0 = Release|Any CPU
		{EC78B123-006D-4D55-8957-BEDE6EF8B06C}.Release|Mixed Platforms.ActiveCfg = Release|Any CPU
		{EC78B123-006D-4D55-8957-BEDE6EF8B06C}.Release|Mixed Platforms.Build.0 = Release|Any CPU
		{EC78B123-006D-4D55-8957-BEDE6EF8B06C}.Release|x86.ActiveCfg = Release|Any CPU
		{EC78B123-006D-4D55-8957-BEDE6EF8B06C}.Release|x86.Build.0 = Release|Any CPU
		{EA6BD221-6827-48B2-95EA-51764028E3E7}.Debug|Any CPU.ActiveCfg = Debug|Any CPU
		{EA6BD221-6827-48B2-95EA-51764028E3E7}.Debug|Any CPU.Build.0 = Debug|Any CPU
		{EA6BD221-6827-48B2-95EA-51764028E3E7}.Debug|Mixed Platforms.ActiveCfg = Debug|Any CPU
		{EA6BD221-6827-48B2-95EA-51764028E3E7}.Debug|Mixed Platforms.Build.0 = Debug|Any CPU
		{EA6BD221-6827-48B2-95EA-51764028E3E7}.Debug|x86.ActiveCfg = Debug|Any CPU
		{EA6BD221-6827-48B2-95EA-51764028E3E7}.Debug|x86.Build.0 = Debug|Any CPU
		{EA6BD221-6827-48B2-95EA-51764028E3E7}.Release|Any CPU.ActiveCfg = Release|Any CPU
		{EA6BD221-6827-48B2-95EA-51764028E3E7}.Release|Any CPU.Build.0 = Release|Any CPU
		{EA6BD221-6827-48B2-95EA-51764028E3E7}.Release|Mixed Platforms.ActiveCfg = Release|Any CPU
		{EA6BD221-6827-48B2-95EA-51764028E3E7}.Release|Mixed Platforms.Build.0 = Release|Any CPU
		{EA6BD221-6827-48B2-95EA-51764028E3E7}.Release|x86.ActiveCfg = Release|Any CPU
		{EA6BD221-6827-48B2-95EA-51764028E3E7}.Release|x86.Build.0 = Release|Any CPU
		{E121D40A-0359-40B4-ACEF-5527820B427D}.Debug|Any CPU.ActiveCfg = Debug|Any CPU
		{E121D40A-0359-40B4-ACEF-5527820B427D}.Debug|Any CPU.Build.0 = Debug|Any CPU
		{E121D40A-0359-40B4-ACEF-5527820B427D}.Debug|Mixed Platforms.ActiveCfg = Debug|Any CPU
		{E121D40A-0359-40B4-ACEF-5527820B427D}.Debug|Mixed Platforms.Build.0 = Debug|Any CPU
		{E121D40A-0359-40B4-ACEF-5527820B427D}.Debug|x86.ActiveCfg = Debug|Any CPU
		{E121D40A-0359-40B4-ACEF-5527820B427D}.Debug|x86.Build.0 = Debug|Any CPU
		{E121D40A-0359-40B4-ACEF-5527820B427D}.Release|Any CPU.ActiveCfg = Release|Any CPU
		{E121D40A-0359-40B4-ACEF-5527820B427D}.Release|Any CPU.Build.0 = Release|Any CPU
		{E121D40A-0359-40B4-ACEF-5527820B427D}.Release|Mixed Platforms.ActiveCfg = Release|Any CPU
		{E121D40A-0359-40B4-ACEF-5527820B427D}.Release|Mixed Platforms.Build.0 = Release|Any CPU
		{E121D40A-0359-40B4-ACEF-5527820B427D}.Release|x86.ActiveCfg = Release|Any CPU
		{E121D40A-0359-40B4-ACEF-5527820B427D}.Release|x86.Build.0 = Release|Any CPU
		{89680F5C-5ABD-4E1F-AC5A-B5192AFE3E75}.Debug|Any CPU.ActiveCfg = Debug|Any CPU
		{89680F5C-5ABD-4E1F-AC5A-B5192AFE3E75}.Debug|Any CPU.Build.0 = Debug|Any CPU
		{89680F5C-5ABD-4E1F-AC5A-B5192AFE3E75}.Debug|Mixed Platforms.ActiveCfg = Debug|Any CPU
		{89680F5C-5ABD-4E1F-AC5A-B5192AFE3E75}.Debug|Mixed Platforms.Build.0 = Debug|Any CPU
		{89680F5C-5ABD-4E1F-AC5A-B5192AFE3E75}.Debug|x86.ActiveCfg = Debug|Any CPU
		{89680F5C-5ABD-4E1F-AC5A-B5192AFE3E75}.Debug|x86.Build.0 = Debug|Any CPU
		{89680F5C-5ABD-4E1F-AC5A-B5192AFE3E75}.Release|Any CPU.ActiveCfg = Release|Any CPU
		{89680F5C-5ABD-4E1F-AC5A-B5192AFE3E75}.Release|Any CPU.Build.0 = Release|Any CPU
		{89680F5C-5ABD-4E1F-AC5A-B5192AFE3E75}.Release|Mixed Platforms.ActiveCfg = Release|Any CPU
		{89680F5C-5ABD-4E1F-AC5A-B5192AFE3E75}.Release|Mixed Platforms.Build.0 = Release|Any CPU
		{89680F5C-5ABD-4E1F-AC5A-B5192AFE3E75}.Release|x86.ActiveCfg = Release|Any CPU
		{89680F5C-5ABD-4E1F-AC5A-B5192AFE3E75}.Release|x86.Build.0 = Release|Any CPU
		{03D196DB-DA9D-4455-BD3C-F6E28F600DEF}.Debug|Any CPU.ActiveCfg = Debug|Any CPU
		{03D196DB-DA9D-4455-BD3C-F6E28F600DEF}.Debug|Any CPU.Build.0 = Debug|Any CPU
		{03D196DB-DA9D-4455-BD3C-F6E28F600DEF}.Debug|Mixed Platforms.ActiveCfg = Debug|Any CPU
		{03D196DB-DA9D-4455-BD3C-F6E28F600DEF}.Debug|Mixed Platforms.Build.0 = Debug|Any CPU
		{03D196DB-DA9D-4455-BD3C-F6E28F600DEF}.Debug|x86.ActiveCfg = Debug|Any CPU
		{03D196DB-DA9D-4455-BD3C-F6E28F600DEF}.Debug|x86.Build.0 = Debug|Any CPU
		{03D196DB-DA9D-4455-BD3C-F6E28F600DEF}.Release|Any CPU.ActiveCfg = Release|Any CPU
		{03D196DB-DA9D-4455-BD3C-F6E28F600DEF}.Release|Any CPU.Build.0 = Release|Any CPU
		{03D196DB-DA9D-4455-BD3C-F6E28F600DEF}.Release|Mixed Platforms.ActiveCfg = Release|Any CPU
		{03D196DB-DA9D-4455-BD3C-F6E28F600DEF}.Release|Mixed Platforms.Build.0 = Release|Any CPU
		{03D196DB-DA9D-4455-BD3C-F6E28F600DEF}.Release|x86.ActiveCfg = Release|Any CPU
		{03D196DB-DA9D-4455-BD3C-F6E28F600DEF}.Release|x86.Build.0 = Release|Any CPU
		{E2CF930D-EB4B-46AE-89E5-7F719C97C1B3}.Debug|Any CPU.ActiveCfg = Debug|Any CPU
		{E2CF930D-EB4B-46AE-89E5-7F719C97C1B3}.Debug|Any CPU.Build.0 = Debug|Any CPU
		{E2CF930D-EB4B-46AE-89E5-7F719C97C1B3}.Debug|Mixed Platforms.ActiveCfg = Debug|Any CPU
		{E2CF930D-EB4B-46AE-89E5-7F719C97C1B3}.Debug|Mixed Platforms.Build.0 = Debug|Any CPU
		{E2CF930D-EB4B-46AE-89E5-7F719C97C1B3}.Debug|x86.ActiveCfg = Debug|Any CPU
		{E2CF930D-EB4B-46AE-89E5-7F719C97C1B3}.Debug|x86.Build.0 = Debug|Any CPU
		{E2CF930D-EB4B-46AE-89E5-7F719C97C1B3}.Release|Any CPU.ActiveCfg = Release|Any CPU
		{E2CF930D-EB4B-46AE-89E5-7F719C97C1B3}.Release|Any CPU.Build.0 = Release|Any CPU
		{E2CF930D-EB4B-46AE-89E5-7F719C97C1B3}.Release|Mixed Platforms.ActiveCfg = Release|Any CPU
		{E2CF930D-EB4B-46AE-89E5-7F719C97C1B3}.Release|Mixed Platforms.Build.0 = Release|Any CPU
		{E2CF930D-EB4B-46AE-89E5-7F719C97C1B3}.Release|x86.ActiveCfg = Release|Any CPU
		{E2CF930D-EB4B-46AE-89E5-7F719C97C1B3}.Release|x86.Build.0 = Release|Any CPU
	EndGlobalSection
	GlobalSection(SolutionProperties) = preSolution
		HideSolutionNode = FALSE
	EndGlobalSection
	GlobalSection(NestedProjects) = preSolution
		{CC96992D-DE3F-4A18-8B6D-88B29C7467B3} = {53F5AD36-2CEB-4F05-994B-6F21E6E5275C}
		{B98C82D9-A84D-4B92-BD33-7BC7AAF2DDB4} = {1403EA2D-0CBC-4745-94B2-3D46D729CDF4}
		{C5E30BF2-335D-4D62-AA36-6AC8832F529D} = {1403EA2D-0CBC-4745-94B2-3D46D729CDF4}
		{AF1C182A-F249-40D4-83C5-915D83FF9B5C} = {E833F9E3-D458-4A2B-8A02-5A1E62631024}
		{BFF3D8E0-183D-4CDD-8D71-DC20ADD393CC} = {ED3CA360-CE79-4E2B-B77D-DDB78A205AC2}
		{43768C83-B6D7-49AD-8685-AB76F0CD5B82} = {53F5AD36-2CEB-4F05-994B-6F21E6E5275C}
		{C8499B41-FFCC-4675-BA40-91D6CAF53E74} = {E833F9E3-D458-4A2B-8A02-5A1E62631024}
		{E8AD6733-78B6-43A2-A29D-11833CDBB203} = {8859DA4D-91DE-44F8-A167-E2D7ECE30F3E}
		{0F56EDA9-CF7F-4C49-A67B-3FCD434D4902} = {E8AD6733-78B6-43A2-A29D-11833CDBB203}
		{4871AF9C-B575-4D6C-9C55-F2815E482AC1} = {E833F9E3-D458-4A2B-8A02-5A1E62631024}
		{18F32E41-BB51-4090-B955-FBD4417518A0} = {8859DA4D-91DE-44F8-A167-E2D7ECE30F3E}
		{563256A5-8264-4A2C-9473-00D59F64EA7A} = {E833F9E3-D458-4A2B-8A02-5A1E62631024}
		{2835FDBA-96BA-4D5C-850D-A909BB12F4E3} = {18F32E41-BB51-4090-B955-FBD4417518A0}
		{90053234-F75B-4623-8D24-DCBE76917590} = {18F32E41-BB51-4090-B955-FBD4417518A0}
		{191AB37E-E029-4B1D-838E-CA82923CEAE2} = {8859DA4D-91DE-44F8-A167-E2D7ECE30F3E}
		{EE4DA4C9-42E1-4D84-8920-44812C3720BE} = {191AB37E-E029-4B1D-838E-CA82923CEAE2}
		{11CD2F70-1D8E-4276-89DB-7349F711E82C} = {191AB37E-E029-4B1D-838E-CA82923CEAE2}
		{37A6B3D6-018E-493C-957A-C92D6CF78DF5} = {9B2E958B-D9DB-4AA4-BC8C-2CD61AF129E2}
		{07B74E22-A1A7-48A9-8696-1E1075A24E33} = {18F32E41-BB51-4090-B955-FBD4417518A0}
		{E23F1B55-E657-4319-8EFA-BEFA5DF5FA63} = {18F32E41-BB51-4090-B955-FBD4417518A0}
		{96B25020-3BA7-49F3-81EE-FFF33C5C59DD} = {286D89F7-1FA3-4124-AB10-26BF011A4967}
		{EE63DD4F-AA1E-424F-8AE7-F8DEA0156C92} = {286D89F7-1FA3-4124-AB10-26BF011A4967}
		{4B4CF453-BB0E-4CD2-A7DE-959C82F2FF1A} = {ED3CA360-CE79-4E2B-B77D-DDB78A205AC2}
		{16564C00-FD7C-41EB-853D-F7F7666581DB} = {E833F9E3-D458-4A2B-8A02-5A1E62631024}
		{7E6BC2BE-6D0C-4DC6-952A-E391F10449AA} = {E833F9E3-D458-4A2B-8A02-5A1E62631024}
		{4D70F005-E350-4CA3-A6BF-390C086453D2} = {286D89F7-1FA3-4124-AB10-26BF011A4967}
		{0AF1052C-38CE-4ED6-9EB4-D87287A1B948} = {286D89F7-1FA3-4124-AB10-26BF011A4967}
		{71EEC9AE-F045-4B44-A6B2-6A7A1835DAFC} = {286D89F7-1FA3-4124-AB10-26BF011A4967}
		{656D1DDD-951D-497A-A034-996ADDAD1D91} = {E833F9E3-D458-4A2B-8A02-5A1E62631024}
		{EC78B123-006D-4D55-8957-BEDE6EF8B06C} = {9B2E958B-D9DB-4AA4-BC8C-2CD61AF129E2}
		{EA6BD221-6827-48B2-95EA-51764028E3E7} = {286D89F7-1FA3-4124-AB10-26BF011A4967}
		{B7D9BD4A-5458-4C50-B432-FE13B3A4AB92} = {8859DA4D-91DE-44F8-A167-E2D7ECE30F3E}
		{E121D40A-0359-40B4-ACEF-5527820B427D} = {B7D9BD4A-5458-4C50-B432-FE13B3A4AB92}
		{89680F5C-5ABD-4E1F-AC5A-B5192AFE3E75} = {B7D9BD4A-5458-4C50-B432-FE13B3A4AB92}
		{03D196DB-DA9D-4455-BD3C-F6E28F600DEF} = {53F5AD36-2CEB-4F05-994B-6F21E6E5275C}
		{E2CF930D-EB4B-46AE-89E5-7F719C97C1B3} = {286D89F7-1FA3-4124-AB10-26BF011A4967}
	EndGlobalSection
	GlobalSection(ExtensibilityGlobals) = postSolution
		EnterpriseLibraryConfigurationToolBinariesPathV6 = packages\EnterpriseLibrary.TransientFaultHandling.6.0.1304.0\lib\portable-net45+win+wp8;packages\EnterpriseLibrary.TransientFaultHandling.Data.6.0.1304.1\lib\NET45
	EndGlobalSection
EndGlobal
